// !$*UTF8*$!
{
	archiveVersion = 1;
	classes = {
	};
	objectVersion = 50;
	objects = {

/* Begin PBXBuildFile section */
		9E02FE3922D2F7AF00F81D75 /* UserDefaultsCitiesRepository.swift in Sources */ = {isa = PBXBuildFile; fileRef = 9E02FE3822D2F7AF00F81D75 /* UserDefaultsCitiesRepository.swift */; };
		9E42378B22CE876F009A4002 /* AppDelegate.swift in Sources */ = {isa = PBXBuildFile; fileRef = 9E42378A22CE876F009A4002 /* AppDelegate.swift */; };
		9E42378D22CE876F009A4002 /* ForecastViewController.swift in Sources */ = {isa = PBXBuildFile; fileRef = 9E42378C22CE876F009A4002 /* ForecastViewController.swift */; };
		9E42379222CE8770009A4002 /* Assets.xcassets in Resources */ = {isa = PBXBuildFile; fileRef = 9E42379122CE8770009A4002 /* Assets.xcassets */; };
		9E42379522CE8770009A4002 /* LaunchScreen.storyboard in Resources */ = {isa = PBXBuildFile; fileRef = 9E42379322CE8770009A4002 /* LaunchScreen.storyboard */; };
		9E4237A022CE8770009A4002 /* mweatherTests.swift in Sources */ = {isa = PBXBuildFile; fileRef = 9E42379F22CE8770009A4002 /* mweatherTests.swift */; };
		9E4237AB22CE9140009A4002 /* Router.swift in Sources */ = {isa = PBXBuildFile; fileRef = 9E4237AA22CE9140009A4002 /* Router.swift */; };
		9E4237AD22CE91EC009A4002 /* Dependencies.swift in Sources */ = {isa = PBXBuildFile; fileRef = 9E4237AC22CE91EC009A4002 /* Dependencies.swift */; };
		9E4237B122CE922E009A4002 /* ForecastView.swift in Sources */ = {isa = PBXBuildFile; fileRef = 9E4237B022CE922E009A4002 /* ForecastView.swift */; };
		9E4237B322CE925F009A4002 /* ForecastDependencies.swift in Sources */ = {isa = PBXBuildFile; fileRef = 9E4237B222CE925F009A4002 /* ForecastDependencies.swift */; };
		9E4237B522CE92AD009A4002 /* ForecastPresenter.swift in Sources */ = {isa = PBXBuildFile; fileRef = 9E4237B422CE92AD009A4002 /* ForecastPresenter.swift */; };
		9E7589BE22D11F4C0007655E /* CitiesCell.swift in Sources */ = {isa = PBXBuildFile; fileRef = 9E7589BD22D11F4C0007655E /* CitiesCell.swift */; };
		9E7589C022D11F5D0007655E /* CitiesCellDependencies.swift in Sources */ = {isa = PBXBuildFile; fileRef = 9E7589BF22D11F5D0007655E /* CitiesCellDependencies.swift */; };
		9E7589C222D11F650007655E /* CitiesCellView.swift in Sources */ = {isa = PBXBuildFile; fileRef = 9E7589C122D11F650007655E /* CitiesCellView.swift */; };
		9E7589C522D122780007655E /* CitiesAddCellDependencies.swift in Sources */ = {isa = PBXBuildFile; fileRef = 9E7589C422D122780007655E /* CitiesAddCellDependencies.swift */; };
		9E7589C722D122870007655E /* CitiesAddCellView.swift in Sources */ = {isa = PBXBuildFile; fileRef = 9E7589C622D122870007655E /* CitiesAddCellView.swift */; };
		9E7589C922D122930007655E /* CitiesAddCell.swift in Sources */ = {isa = PBXBuildFile; fileRef = 9E7589C822D122930007655E /* CitiesAddCell.swift */; };
		9E7589CB22D122ED0007655E /* CitiesAddCellPresenter.swift in Sources */ = {isa = PBXBuildFile; fileRef = 9E7589CA22D122ED0007655E /* CitiesAddCellPresenter.swift */; };
		9E7589CD22D123000007655E /* CitiesAddCellRouter.swift in Sources */ = {isa = PBXBuildFile; fileRef = 9E7589CC22D123000007655E /* CitiesAddCellRouter.swift */; };
		9ED7E67F22D07E480046DBE6 /* CitiesViewController.swift in Sources */ = {isa = PBXBuildFile; fileRef = 9ED7E67E22D07E480046DBE6 /* CitiesViewController.swift */; };
		9ED7E68122D07E520046DBE6 /* CitiesPresenter.swift in Sources */ = {isa = PBXBuildFile; fileRef = 9ED7E68022D07E520046DBE6 /* CitiesPresenter.swift */; };
		9ED7E68322D07E6E0046DBE6 /* CitiesView.swift in Sources */ = {isa = PBXBuildFile; fileRef = 9ED7E68222D07E6E0046DBE6 /* CitiesView.swift */; };
		9ED7E68522D07E7A0046DBE6 /* CitiesDependencies.swift in Sources */ = {isa = PBXBuildFile; fileRef = 9ED7E68422D07E7A0046DBE6 /* CitiesDependencies.swift */; };
		9ED7E68722D07E810046DBE6 /* CitiesRouter.swift in Sources */ = {isa = PBXBuildFile; fileRef = 9ED7E68622D07E810046DBE6 /* CitiesRouter.swift */; };
		9ED7E68922D07E950046DBE6 /* ForecastRouter.swift in Sources */ = {isa = PBXBuildFile; fileRef = 9ED7E68822D07E950046DBE6 /* ForecastRouter.swift */; };
		9ED7E68C22D07EC80046DBE6 /* SearchViewController.swift in Sources */ = {isa = PBXBuildFile; fileRef = 9ED7E68B22D07EC80046DBE6 /* SearchViewController.swift */; };
		9ED7E68E22D07ED20046DBE6 /* SearchDependencies.swift in Sources */ = {isa = PBXBuildFile; fileRef = 9ED7E68D22D07ED20046DBE6 /* SearchDependencies.swift */; };
		9ED7E69022D07EDF0046DBE6 /* SearchPresenter.swift in Sources */ = {isa = PBXBuildFile; fileRef = 9ED7E68F22D07EDF0046DBE6 /* SearchPresenter.swift */; };
		9ED7E69222D07EEC0046DBE6 /* SearchRouter.swift in Sources */ = {isa = PBXBuildFile; fileRef = 9ED7E69122D07EEC0046DBE6 /* SearchRouter.swift */; };
		9ED7E69422D07EF50046DBE6 /* SearchView.swift in Sources */ = {isa = PBXBuildFile; fileRef = 9ED7E69322D07EF50046DBE6 /* SearchView.swift */; };
		9ED7E69622D07F0A0046DBE6 /* SearchInteractor.swift in Sources */ = {isa = PBXBuildFile; fileRef = 9ED7E69522D07F0A0046DBE6 /* SearchInteractor.swift */; };
		9ED7E69822D07F190046DBE6 /* CitiesInteractor.swift in Sources */ = {isa = PBXBuildFile; fileRef = 9ED7E69722D07F190046DBE6 /* CitiesInteractor.swift */; };
		9ED7E69A22D07F280046DBE6 /* ForecastInteractor.swift in Sources */ = {isa = PBXBuildFile; fileRef = 9ED7E69922D07F280046DBE6 /* ForecastInteractor.swift */; };
		9ED7E69D22D07FCA0046DBE6 /* CitiesRepository.swift in Sources */ = {isa = PBXBuildFile; fileRef = 9ED7E69C22D07FCA0046DBE6 /* CitiesRepository.swift */; };
		9ED7E6A022D07FEE0046DBE6 /* CitiesApi.swift in Sources */ = {isa = PBXBuildFile; fileRef = 9ED7E69F22D07FEE0046DBE6 /* CitiesApi.swift */; };
		9ED7E6A422D080750046DBE6 /* City.swift in Sources */ = {isa = PBXBuildFile; fileRef = 9ED7E6A322D080750046DBE6 /* City.swift */; };
		9ED7E6A622D080B30046DBE6 /* Forecast.swift in Sources */ = {isa = PBXBuildFile; fileRef = 9ED7E6A522D080B30046DBE6 /* Forecast.swift */; };
		9ED7E6A922D08FDA0046DBE6 /* ForecastCell.swift in Sources */ = {isa = PBXBuildFile; fileRef = 9ED7E6A822D08FDA0046DBE6 /* ForecastCell.swift */; };
		9ED7E6AB22D08FEB0046DBE6 /* ForecastCellView.swift in Sources */ = {isa = PBXBuildFile; fileRef = 9ED7E6AA22D08FEB0046DBE6 /* ForecastCellView.swift */; };
		9ED7E6AD22D091C00046DBE6 /* ForecastCellDependenceis.swift in Sources */ = {isa = PBXBuildFile; fileRef = 9ED7E6AC22D091C00046DBE6 /* ForecastCellDependenceis.swift */; };
		9ED7E6B122D0A0AD0046DBE6 /* UIButton+Utils.swift in Sources */ = {isa = PBXBuildFile; fileRef = 9ED7E6B022D0A0AD0046DBE6 /* UIButton+Utils.swift */; };
		9ED7E6B322D0A28D0046DBE6 /* UIColor+Utils.swift in Sources */ = {isa = PBXBuildFile; fileRef = 9ED7E6B222D0A28D0046DBE6 /* UIColor+Utils.swift */; };
		9ED7E6B522D0AC6E0046DBE6 /* ForecastCellPresenter.swift in Sources */ = {isa = PBXBuildFile; fileRef = 9ED7E6B422D0AC6E0046DBE6 /* ForecastCellPresenter.swift */; };
		9ED7E6B722D0B1220046DBE6 /* Array+Utils.swift in Sources */ = {isa = PBXBuildFile; fileRef = 9ED7E6B622D0B1220046DBE6 /* Array+Utils.swift */; };
		9ED7E6B922D0BEED0046DBE6 /* ForecastCellViewModelIcon.swift in Sources */ = {isa = PBXBuildFile; fileRef = 9ED7E6B822D0BEED0046DBE6 /* ForecastCellViewModelIcon.swift */; };
		9ED7E6BB22D0F5070046DBE6 /* UILabel+Utils.swift in Sources */ = {isa = PBXBuildFile; fileRef = 9ED7E6BA22D0F5070046DBE6 /* UILabel+Utils.swift */; };
		9EE2B16122D21230008AE9B0 /* OpenWeatherMapForecast.swift in Sources */ = {isa = PBXBuildFile; fileRef = 9EE2B16022D21230008AE9B0 /* OpenWeatherMapForecast.swift */; };
		9EE2B16322D23A8D008AE9B0 /* ForecastCellInteractor.swift in Sources */ = {isa = PBXBuildFile; fileRef = 9EE2B16222D23A8D008AE9B0 /* ForecastCellInteractor.swift */; };
		9EE2B16522D23A9A008AE9B0 /* ForecastCellRouter.swift in Sources */ = {isa = PBXBuildFile; fileRef = 9EE2B16422D23A9A008AE9B0 /* ForecastCellRouter.swift */; };
		9EE2B16722D2421A008AE9B0 /* String+Utils.swift in Sources */ = {isa = PBXBuildFile; fileRef = 9EE2B16622D2421A008AE9B0 /* String+Utils.swift */; };
		9EE2B16922D24364008AE9B0 /* Date+Utils.swift in Sources */ = {isa = PBXBuildFile; fileRef = 9EE2B16822D24364008AE9B0 /* Date+Utils.swift */; };
		9EE2B16B22D25229008AE9B0 /* UITextField+Utils.swift in Sources */ = {isa = PBXBuildFile; fileRef = 9EE2B16A22D25229008AE9B0 /* UITextField+Utils.swift */; };
		C5544DED50272B894F1D255A /* Pods_mweather.framework in Frameworks */ = {isa = PBXBuildFile; fileRef = 95B09623F7369C9FADD7B11C /* Pods_mweather.framework */; };
/* End PBXBuildFile section */

/* Begin PBXContainerItemProxy section */
		9E42379C22CE8770009A4002 /* PBXContainerItemProxy */ = {
			isa = PBXContainerItemProxy;
			containerPortal = 9E42377F22CE876F009A4002 /* Project object */;
			proxyType = 1;
			remoteGlobalIDString = 9E42378622CE876F009A4002;
			remoteInfo = mweather;
		};
/* End PBXContainerItemProxy section */

/* Begin PBXFileReference section */
		95B09623F7369C9FADD7B11C /* Pods_mweather.framework */ = {isa = PBXFileReference; explicitFileType = wrapper.framework; includeInIndex = 0; path = Pods_mweather.framework; sourceTree = BUILT_PRODUCTS_DIR; };
		9E02FE3822D2F7AF00F81D75 /* UserDefaultsCitiesRepository.swift */ = {isa = PBXFileReference; lastKnownFileType = sourcecode.swift; path = UserDefaultsCitiesRepository.swift; sourceTree = "<group>"; };
		9E42378722CE876F009A4002 /* mweather.app */ = {isa = PBXFileReference; explicitFileType = wrapper.application; includeInIndex = 0; path = mweather.app; sourceTree = BUILT_PRODUCTS_DIR; };
		9E42378A22CE876F009A4002 /* AppDelegate.swift */ = {isa = PBXFileReference; lastKnownFileType = sourcecode.swift; path = AppDelegate.swift; sourceTree = "<group>"; };
		9E42378C22CE876F009A4002 /* ForecastViewController.swift */ = {isa = PBXFileReference; lastKnownFileType = sourcecode.swift; path = ForecastViewController.swift; sourceTree = "<group>"; };
		9E42379122CE8770009A4002 /* Assets.xcassets */ = {isa = PBXFileReference; lastKnownFileType = folder.assetcatalog; path = Assets.xcassets; sourceTree = "<group>"; };
		9E42379422CE8770009A4002 /* Base */ = {isa = PBXFileReference; lastKnownFileType = file.storyboard; name = Base; path = Base.lproj/LaunchScreen.storyboard; sourceTree = "<group>"; };
		9E42379622CE8770009A4002 /* Info.plist */ = {isa = PBXFileReference; lastKnownFileType = text.plist.xml; path = Info.plist; sourceTree = "<group>"; };
		9E42379B22CE8770009A4002 /* mweatherTests.xctest */ = {isa = PBXFileReference; explicitFileType = wrapper.cfbundle; includeInIndex = 0; path = mweatherTests.xctest; sourceTree = BUILT_PRODUCTS_DIR; };
		9E42379F22CE8770009A4002 /* mweatherTests.swift */ = {isa = PBXFileReference; lastKnownFileType = sourcecode.swift; path = mweatherTests.swift; sourceTree = "<group>"; };
		9E4237A122CE8770009A4002 /* Info.plist */ = {isa = PBXFileReference; lastKnownFileType = text.plist.xml; path = Info.plist; sourceTree = "<group>"; };
		9E4237AA22CE9140009A4002 /* Router.swift */ = {isa = PBXFileReference; lastKnownFileType = sourcecode.swift; path = Router.swift; sourceTree = "<group>"; };
		9E4237AC22CE91EC009A4002 /* Dependencies.swift */ = {isa = PBXFileReference; lastKnownFileType = sourcecode.swift; path = Dependencies.swift; sourceTree = "<group>"; };
		9E4237B022CE922E009A4002 /* ForecastView.swift */ = {isa = PBXFileReference; lastKnownFileType = sourcecode.swift; path = ForecastView.swift; sourceTree = "<group>"; };
		9E4237B222CE925F009A4002 /* ForecastDependencies.swift */ = {isa = PBXFileReference; lastKnownFileType = sourcecode.swift; path = ForecastDependencies.swift; sourceTree = "<group>"; };
		9E4237B422CE92AD009A4002 /* ForecastPresenter.swift */ = {isa = PBXFileReference; lastKnownFileType = sourcecode.swift; path = ForecastPresenter.swift; sourceTree = "<group>"; };
		9E7589BD22D11F4C0007655E /* CitiesCell.swift */ = {isa = PBXFileReference; lastKnownFileType = sourcecode.swift; path = CitiesCell.swift; sourceTree = "<group>"; };
		9E7589BF22D11F5D0007655E /* CitiesCellDependencies.swift */ = {isa = PBXFileReference; lastKnownFileType = sourcecode.swift; path = CitiesCellDependencies.swift; sourceTree = "<group>"; };
		9E7589C122D11F650007655E /* CitiesCellView.swift */ = {isa = PBXFileReference; lastKnownFileType = sourcecode.swift; path = CitiesCellView.swift; sourceTree = "<group>"; };
		9E7589C422D122780007655E /* CitiesAddCellDependencies.swift */ = {isa = PBXFileReference; lastKnownFileType = sourcecode.swift; path = CitiesAddCellDependencies.swift; sourceTree = "<group>"; };
		9E7589C622D122870007655E /* CitiesAddCellView.swift */ = {isa = PBXFileReference; lastKnownFileType = sourcecode.swift; path = CitiesAddCellView.swift; sourceTree = "<group>"; };
		9E7589C822D122930007655E /* CitiesAddCell.swift */ = {isa = PBXFileReference; lastKnownFileType = sourcecode.swift; path = CitiesAddCell.swift; sourceTree = "<group>"; };
		9E7589CA22D122ED0007655E /* CitiesAddCellPresenter.swift */ = {isa = PBXFileReference; lastKnownFileType = sourcecode.swift; path = CitiesAddCellPresenter.swift; sourceTree = "<group>"; };
		9E7589CC22D123000007655E /* CitiesAddCellRouter.swift */ = {isa = PBXFileReference; lastKnownFileType = sourcecode.swift; path = CitiesAddCellRouter.swift; sourceTree = "<group>"; };
		9ED7E67E22D07E480046DBE6 /* CitiesViewController.swift */ = {isa = PBXFileReference; lastKnownFileType = sourcecode.swift; path = CitiesViewController.swift; sourceTree = "<group>"; };
		9ED7E68022D07E520046DBE6 /* CitiesPresenter.swift */ = {isa = PBXFileReference; lastKnownFileType = sourcecode.swift; path = CitiesPresenter.swift; sourceTree = "<group>"; };
		9ED7E68222D07E6E0046DBE6 /* CitiesView.swift */ = {isa = PBXFileReference; lastKnownFileType = sourcecode.swift; path = CitiesView.swift; sourceTree = "<group>"; };
		9ED7E68422D07E7A0046DBE6 /* CitiesDependencies.swift */ = {isa = PBXFileReference; lastKnownFileType = sourcecode.swift; path = CitiesDependencies.swift; sourceTree = "<group>"; };
		9ED7E68622D07E810046DBE6 /* CitiesRouter.swift */ = {isa = PBXFileReference; lastKnownFileType = sourcecode.swift; path = CitiesRouter.swift; sourceTree = "<group>"; };
		9ED7E68822D07E950046DBE6 /* ForecastRouter.swift */ = {isa = PBXFileReference; lastKnownFileType = sourcecode.swift; path = ForecastRouter.swift; sourceTree = "<group>"; };
		9ED7E68B22D07EC80046DBE6 /* SearchViewController.swift */ = {isa = PBXFileReference; lastKnownFileType = sourcecode.swift; path = SearchViewController.swift; sourceTree = "<group>"; };
		9ED7E68D22D07ED20046DBE6 /* SearchDependencies.swift */ = {isa = PBXFileReference; lastKnownFileType = sourcecode.swift; path = SearchDependencies.swift; sourceTree = "<group>"; };
		9ED7E68F22D07EDF0046DBE6 /* SearchPresenter.swift */ = {isa = PBXFileReference; lastKnownFileType = sourcecode.swift; path = SearchPresenter.swift; sourceTree = "<group>"; };
		9ED7E69122D07EEC0046DBE6 /* SearchRouter.swift */ = {isa = PBXFileReference; lastKnownFileType = sourcecode.swift; path = SearchRouter.swift; sourceTree = "<group>"; };
		9ED7E69322D07EF50046DBE6 /* SearchView.swift */ = {isa = PBXFileReference; lastKnownFileType = sourcecode.swift; path = SearchView.swift; sourceTree = "<group>"; };
		9ED7E69522D07F0A0046DBE6 /* SearchInteractor.swift */ = {isa = PBXFileReference; lastKnownFileType = sourcecode.swift; path = SearchInteractor.swift; sourceTree = "<group>"; };
		9ED7E69722D07F190046DBE6 /* CitiesInteractor.swift */ = {isa = PBXFileReference; lastKnownFileType = sourcecode.swift; path = CitiesInteractor.swift; sourceTree = "<group>"; };
		9ED7E69922D07F280046DBE6 /* ForecastInteractor.swift */ = {isa = PBXFileReference; lastKnownFileType = sourcecode.swift; path = ForecastInteractor.swift; sourceTree = "<group>"; };
		9ED7E69C22D07FCA0046DBE6 /* CitiesRepository.swift */ = {isa = PBXFileReference; lastKnownFileType = sourcecode.swift; path = CitiesRepository.swift; sourceTree = "<group>"; };
		9ED7E69F22D07FEE0046DBE6 /* CitiesApi.swift */ = {isa = PBXFileReference; lastKnownFileType = sourcecode.swift; path = CitiesApi.swift; sourceTree = "<group>"; };
		9ED7E6A322D080750046DBE6 /* City.swift */ = {isa = PBXFileReference; lastKnownFileType = sourcecode.swift; path = City.swift; sourceTree = "<group>"; };
		9ED7E6A522D080B30046DBE6 /* Forecast.swift */ = {isa = PBXFileReference; lastKnownFileType = sourcecode.swift; path = Forecast.swift; sourceTree = "<group>"; };
		9ED7E6A822D08FDA0046DBE6 /* ForecastCell.swift */ = {isa = PBXFileReference; lastKnownFileType = sourcecode.swift; path = ForecastCell.swift; sourceTree = "<group>"; };
		9ED7E6AA22D08FEB0046DBE6 /* ForecastCellView.swift */ = {isa = PBXFileReference; lastKnownFileType = sourcecode.swift; path = ForecastCellView.swift; sourceTree = "<group>"; };
		9ED7E6AC22D091C00046DBE6 /* ForecastCellDependenceis.swift */ = {isa = PBXFileReference; lastKnownFileType = sourcecode.swift; path = ForecastCellDependenceis.swift; sourceTree = "<group>"; };
		9ED7E6B022D0A0AD0046DBE6 /* UIButton+Utils.swift */ = {isa = PBXFileReference; lastKnownFileType = sourcecode.swift; path = "UIButton+Utils.swift"; sourceTree = "<group>"; };
		9ED7E6B222D0A28D0046DBE6 /* UIColor+Utils.swift */ = {isa = PBXFileReference; lastKnownFileType = sourcecode.swift; path = "UIColor+Utils.swift"; sourceTree = "<group>"; };
		9ED7E6B422D0AC6E0046DBE6 /* ForecastCellPresenter.swift */ = {isa = PBXFileReference; lastKnownFileType = sourcecode.swift; path = ForecastCellPresenter.swift; sourceTree = "<group>"; };
		9ED7E6B622D0B1220046DBE6 /* Array+Utils.swift */ = {isa = PBXFileReference; lastKnownFileType = sourcecode.swift; path = "Array+Utils.swift"; sourceTree = "<group>"; };
		9ED7E6B822D0BEED0046DBE6 /* ForecastCellViewModelIcon.swift */ = {isa = PBXFileReference; lastKnownFileType = sourcecode.swift; path = ForecastCellViewModelIcon.swift; sourceTree = "<group>"; };
		9ED7E6BA22D0F5070046DBE6 /* UILabel+Utils.swift */ = {isa = PBXFileReference; lastKnownFileType = sourcecode.swift; path = "UILabel+Utils.swift"; sourceTree = "<group>"; };
		9EE2B16022D21230008AE9B0 /* OpenWeatherMapForecast.swift */ = {isa = PBXFileReference; lastKnownFileType = sourcecode.swift; path = OpenWeatherMapForecast.swift; sourceTree = "<group>"; };
		9EE2B16222D23A8D008AE9B0 /* ForecastCellInteractor.swift */ = {isa = PBXFileReference; lastKnownFileType = sourcecode.swift; path = ForecastCellInteractor.swift; sourceTree = "<group>"; };
		9EE2B16422D23A9A008AE9B0 /* ForecastCellRouter.swift */ = {isa = PBXFileReference; lastKnownFileType = sourcecode.swift; path = ForecastCellRouter.swift; sourceTree = "<group>"; };
		9EE2B16622D2421A008AE9B0 /* String+Utils.swift */ = {isa = PBXFileReference; lastKnownFileType = sourcecode.swift; path = "String+Utils.swift"; sourceTree = "<group>"; };
		9EE2B16822D24364008AE9B0 /* Date+Utils.swift */ = {isa = PBXFileReference; lastKnownFileType = sourcecode.swift; path = "Date+Utils.swift"; sourceTree = "<group>"; };
		9EE2B16A22D25229008AE9B0 /* UITextField+Utils.swift */ = {isa = PBXFileReference; lastKnownFileType = sourcecode.swift; path = "UITextField+Utils.swift"; sourceTree = "<group>"; };
		A2BEC5A6AA2F776A25A5941E /* Pods-mweather.release.xcconfig */ = {isa = PBXFileReference; includeInIndex = 1; lastKnownFileType = text.xcconfig; name = "Pods-mweather.release.xcconfig"; path = "Pods/Target Support Files/Pods-mweather/Pods-mweather.release.xcconfig"; sourceTree = "<group>"; };
		D3DD59B13769BCD9DC51E9D8 /* Pods-mweather.debug.xcconfig */ = {isa = PBXFileReference; includeInIndex = 1; lastKnownFileType = text.xcconfig; name = "Pods-mweather.debug.xcconfig"; path = "Pods/Target Support Files/Pods-mweather/Pods-mweather.debug.xcconfig"; sourceTree = "<group>"; };
/* End PBXFileReference section */

/* Begin PBXFrameworksBuildPhase section */
		9E42378422CE876F009A4002 /* Frameworks */ = {
			isa = PBXFrameworksBuildPhase;
			buildActionMask = 2147483647;
			files = (
				C5544DED50272B894F1D255A /* Pods_mweather.framework in Frameworks */,
			);
			runOnlyForDeploymentPostprocessing = 0;
		};
		9E42379822CE8770009A4002 /* Frameworks */ = {
			isa = PBXFrameworksBuildPhase;
			buildActionMask = 2147483647;
			files = (
			);
			runOnlyForDeploymentPostprocessing = 0;
		};
/* End PBXFrameworksBuildPhase section */

/* Begin PBXGroup section */
		56ED6DE99784A7FD1BB8F26E /* Pods */ = {
			isa = PBXGroup;
			children = (
				D3DD59B13769BCD9DC51E9D8 /* Pods-mweather.debug.xcconfig */,
				A2BEC5A6AA2F776A25A5941E /* Pods-mweather.release.xcconfig */,
			);
			name = Pods;
			sourceTree = "<group>";
		};
		613CBD84CC5938186813088E /* Frameworks */ = {
			isa = PBXGroup;
			children = (
				95B09623F7369C9FADD7B11C /* Pods_mweather.framework */,
			);
			name = Frameworks;
			sourceTree = "<group>";
		};
		9E42377E22CE876F009A4002 = {
			isa = PBXGroup;
			children = (
				9E42378922CE876F009A4002 /* mweather */,
				9E42379E22CE8770009A4002 /* mweatherTests */,
				9E42378822CE876F009A4002 /* Products */,
				56ED6DE99784A7FD1BB8F26E /* Pods */,
				613CBD84CC5938186813088E /* Frameworks */,
			);
			sourceTree = "<group>";
		};
		9E42378822CE876F009A4002 /* Products */ = {
			isa = PBXGroup;
			children = (
				9E42378722CE876F009A4002 /* mweather.app */,
				9E42379B22CE8770009A4002 /* mweatherTests.xctest */,
			);
			name = Products;
			sourceTree = "<group>";
		};
		9E42378922CE876F009A4002 /* mweather */ = {
			isa = PBXGroup;
			children = (
				9ED7E6A222D0801C0046DBE6 /* Viper */,
				9ED7E69B22D07F660046DBE6 /* Repository */,
				9ED7E6A122D080030046DBE6 /* Model */,
				9ED7E69E22D07FD00046DBE6 /* Api */,
				9E4237AF22CE9211009A4002 /* App */,
				9ED7E6AF22D0A0990046DBE6 /* Utils */,
				9E42379322CE8770009A4002 /* LaunchScreen.storyboard */,
				9E42379122CE8770009A4002 /* Assets.xcassets */,
				9E42379622CE8770009A4002 /* Info.plist */,
			);
			path = mweather;
			sourceTree = "<group>";
		};
		9E42379E22CE8770009A4002 /* mweatherTests */ = {
			isa = PBXGroup;
			children = (
				9E42379F22CE8770009A4002 /* mweatherTests.swift */,
				9E4237A122CE8770009A4002 /* Info.plist */,
			);
			path = mweatherTests;
			sourceTree = "<group>";
		};
		9E4237AE22CE91FF009A4002 /* Forecast */ = {
			isa = PBXGroup;
			children = (
				9ED7E6A722D08FBD0046DBE6 /* ForecastCell */,
				9E42378C22CE876F009A4002 /* ForecastViewController.swift */,
				9E4237B222CE925F009A4002 /* ForecastDependencies.swift */,
				9E4237B422CE92AD009A4002 /* ForecastPresenter.swift */,
				9ED7E69922D07F280046DBE6 /* ForecastInteractor.swift */,
				9ED7E68822D07E950046DBE6 /* ForecastRouter.swift */,
				9E4237B022CE922E009A4002 /* ForecastView.swift */,
			);
			path = Forecast;
			sourceTree = "<group>";
		};
		9E4237AF22CE9211009A4002 /* App */ = {
			isa = PBXGroup;
			children = (
				9E4237AC22CE91EC009A4002 /* Dependencies.swift */,
				9E42378A22CE876F009A4002 /* AppDelegate.swift */,
				9E4237AA22CE9140009A4002 /* Router.swift */,
			);
			path = App;
			sourceTree = "<group>";
		};
		9E7589BC22D11F150007655E /* CitiesCell */ = {
			isa = PBXGroup;
			children = (
				9E7589BF22D11F5D0007655E /* CitiesCellDependencies.swift */,
				9E7589C122D11F650007655E /* CitiesCellView.swift */,
				9E7589BD22D11F4C0007655E /* CitiesCell.swift */,
			);
			path = CitiesCell;
			sourceTree = "<group>";
		};
		9E7589C322D122620007655E /* CitiesAddCell */ = {
			isa = PBXGroup;
			children = (
				9E7589C422D122780007655E /* CitiesAddCellDependencies.swift */,
				9E7589CA22D122ED0007655E /* CitiesAddCellPresenter.swift */,
				9E7589CC22D123000007655E /* CitiesAddCellRouter.swift */,
				9E7589C622D122870007655E /* CitiesAddCellView.swift */,
				9E7589C822D122930007655E /* CitiesAddCell.swift */,
			);
			path = CitiesAddCell;
			sourceTree = "<group>";
		};
		9ED7E67D22D07E370046DBE6 /* Cities */ = {
			isa = PBXGroup;
			children = (
				9E7589C322D122620007655E /* CitiesAddCell */,
				9E7589BC22D11F150007655E /* CitiesCell */,
				9ED7E67E22D07E480046DBE6 /* CitiesViewController.swift */,
				9ED7E68422D07E7A0046DBE6 /* CitiesDependencies.swift */,
				9ED7E68022D07E520046DBE6 /* CitiesPresenter.swift */,
				9ED7E69722D07F190046DBE6 /* CitiesInteractor.swift */,
				9ED7E68622D07E810046DBE6 /* CitiesRouter.swift */,
				9ED7E68222D07E6E0046DBE6 /* CitiesView.swift */,
			);
			path = Cities;
			sourceTree = "<group>";
		};
		9ED7E68A22D07EAC0046DBE6 /* Search */ = {
			isa = PBXGroup;
			children = (
				9ED7E68B22D07EC80046DBE6 /* SearchViewController.swift */,
				9ED7E68D22D07ED20046DBE6 /* SearchDependencies.swift */,
				9ED7E68F22D07EDF0046DBE6 /* SearchPresenter.swift */,
				9ED7E69522D07F0A0046DBE6 /* SearchInteractor.swift */,
				9ED7E69122D07EEC0046DBE6 /* SearchRouter.swift */,
				9ED7E69322D07EF50046DBE6 /* SearchView.swift */,
			);
			path = Search;
			sourceTree = "<group>";
		};
		9ED7E69B22D07F660046DBE6 /* Repository */ = {
			isa = PBXGroup;
			children = (
				9E02FE3822D2F7AF00F81D75 /* UserDefaultsCitiesRepository.swift */,
				9ED7E69C22D07FCA0046DBE6 /* CitiesRepository.swift */,
			);
			path = Repository;
			sourceTree = "<group>";
		};
		9ED7E69E22D07FD00046DBE6 /* Api */ = {
			isa = PBXGroup;
			children = (
				9EE2B15F22D211DE008AE9B0 /* Model */,
				9ED7E69F22D07FEE0046DBE6 /* CitiesApi.swift */,
			);
			path = Api;
			sourceTree = "<group>";
		};
		9ED7E6A122D080030046DBE6 /* Model */ = {
			isa = PBXGroup;
			children = (
				9ED7E6A522D080B30046DBE6 /* Forecast.swift */,
				9ED7E6A322D080750046DBE6 /* City.swift */,
			);
			path = Model;
			sourceTree = "<group>";
		};
		9ED7E6A222D0801C0046DBE6 /* Viper */ = {
			isa = PBXGroup;
			children = (
				9E4237AE22CE91FF009A4002 /* Forecast */,
				9ED7E68A22D07EAC0046DBE6 /* Search */,
				9ED7E67D22D07E370046DBE6 /* Cities */,
			);
			path = Viper;
			sourceTree = "<group>";
		};
		9ED7E6A722D08FBD0046DBE6 /* ForecastCell */ = {
			isa = PBXGroup;
			children = (
				9ED7E6B822D0BEED0046DBE6 /* ForecastCellViewModelIcon.swift */,
				9ED7E6AC22D091C00046DBE6 /* ForecastCellDependenceis.swift */,
				9ED7E6B422D0AC6E0046DBE6 /* ForecastCellPresenter.swift */,
				9EE2B16222D23A8D008AE9B0 /* ForecastCellInteractor.swift */,
				9EE2B16422D23A9A008AE9B0 /* ForecastCellRouter.swift */,
				9ED7E6AA22D08FEB0046DBE6 /* ForecastCellView.swift */,
				9ED7E6A822D08FDA0046DBE6 /* ForecastCell.swift */,
			);
			path = ForecastCell;
			sourceTree = "<group>";
		};
		9ED7E6AF22D0A0990046DBE6 /* Utils */ = {
			isa = PBXGroup;
			children = (
				9EE2B16A22D25229008AE9B0 /* UITextField+Utils.swift */,
				9ED7E6B022D0A0AD0046DBE6 /* UIButton+Utils.swift */,
				9ED7E6B222D0A28D0046DBE6 /* UIColor+Utils.swift */,
				9ED7E6BA22D0F5070046DBE6 /* UILabel+Utils.swift */,
				9EE2B16622D2421A008AE9B0 /* String+Utils.swift */,
				9ED7E6B622D0B1220046DBE6 /* Array+Utils.swift */,
				9EE2B16822D24364008AE9B0 /* Date+Utils.swift */,
			);
			path = Utils;
			sourceTree = "<group>";
		};
		9EE2B15F22D211DE008AE9B0 /* Model */ = {
			isa = PBXGroup;
			children = (
				9EE2B16022D21230008AE9B0 /* OpenWeatherMapForecast.swift */,
			);
			path = Model;
			sourceTree = "<group>";
		};
/* End PBXGroup section */

/* Begin PBXNativeTarget section */
		9E42378622CE876F009A4002 /* mweather */ = {
			isa = PBXNativeTarget;
			buildConfigurationList = 9E4237A422CE8770009A4002 /* Build configuration list for PBXNativeTarget "mweather" */;
			buildPhases = (
				4F191E1C04C0ECADB2507B98 /* [CP] Check Pods Manifest.lock */,
				9E42378322CE876F009A4002 /* Sources */,
				9E42378422CE876F009A4002 /* Frameworks */,
				9E42378522CE876F009A4002 /* Resources */,
				13C253269714B4303FB15DC0 /* [CP] Embed Pods Frameworks */,
			);
			buildRules = (
			);
			dependencies = (
			);
			name = mweather;
			productName = mweather;
			productReference = 9E42378722CE876F009A4002 /* mweather.app */;
			productType = "com.apple.product-type.application";
		};
		9E42379A22CE8770009A4002 /* mweatherTests */ = {
			isa = PBXNativeTarget;
			buildConfigurationList = 9E4237A722CE8770009A4002 /* Build configuration list for PBXNativeTarget "mweatherTests" */;
			buildPhases = (
				9E42379722CE8770009A4002 /* Sources */,
				9E42379822CE8770009A4002 /* Frameworks */,
				9E42379922CE8770009A4002 /* Resources */,
			);
			buildRules = (
			);
			dependencies = (
				9E42379D22CE8770009A4002 /* PBXTargetDependency */,
			);
			name = mweatherTests;
			productName = mweatherTests;
			productReference = 9E42379B22CE8770009A4002 /* mweatherTests.xctest */;
			productType = "com.apple.product-type.bundle.unit-test";
		};
/* End PBXNativeTarget section */

/* Begin PBXProject section */
		9E42377F22CE876F009A4002 /* Project object */ = {
			isa = PBXProject;
			attributes = {
				LastSwiftUpdateCheck = 1020;
				LastUpgradeCheck = 1020;
				ORGANIZATIONNAME = ivolnov;
				TargetAttributes = {
					9E42378622CE876F009A4002 = {
						CreatedOnToolsVersion = 10.2.1;
					};
					9E42379A22CE8770009A4002 = {
						CreatedOnToolsVersion = 10.2.1;
						TestTargetID = 9E42378622CE876F009A4002;
					};
				};
			};
			buildConfigurationList = 9E42378222CE876F009A4002 /* Build configuration list for PBXProject "mweather" */;
			compatibilityVersion = "Xcode 9.3";
			developmentRegion = en;
			hasScannedForEncodings = 0;
			knownRegions = (
				en,
				Base,
			);
			mainGroup = 9E42377E22CE876F009A4002;
			productRefGroup = 9E42378822CE876F009A4002 /* Products */;
			projectDirPath = "";
			projectRoot = "";
			targets = (
				9E42378622CE876F009A4002 /* mweather */,
				9E42379A22CE8770009A4002 /* mweatherTests */,
			);
		};
/* End PBXProject section */

/* Begin PBXResourcesBuildPhase section */
		9E42378522CE876F009A4002 /* Resources */ = {
			isa = PBXResourcesBuildPhase;
			buildActionMask = 2147483647;
			files = (
				9E42379522CE8770009A4002 /* LaunchScreen.storyboard in Resources */,
				9E42379222CE8770009A4002 /* Assets.xcassets in Resources */,
			);
			runOnlyForDeploymentPostprocessing = 0;
		};
		9E42379922CE8770009A4002 /* Resources */ = {
			isa = PBXResourcesBuildPhase;
			buildActionMask = 2147483647;
			files = (
			);
			runOnlyForDeploymentPostprocessing = 0;
		};
/* End PBXResourcesBuildPhase section */

/* Begin PBXShellScriptBuildPhase section */
		13C253269714B4303FB15DC0 /* [CP] Embed Pods Frameworks */ = {
			isa = PBXShellScriptBuildPhase;
			buildActionMask = 2147483647;
			files = (
			);
			inputFileListPaths = (
			);
			inputPaths = (
				"${SRCROOT}/Pods/Target Support Files/Pods-mweather/Pods-mweather-frameworks.sh",
				"${BUILT_PRODUCTS_DIR}/SnapKit/SnapKit.framework",
			);
			name = "[CP] Embed Pods Frameworks";
			outputFileListPaths = (
			);
			outputPaths = (
				"${TARGET_BUILD_DIR}/${FRAMEWORKS_FOLDER_PATH}/SnapKit.framework",
			);
			runOnlyForDeploymentPostprocessing = 0;
			shellPath = /bin/sh;
			shellScript = "\"${SRCROOT}/Pods/Target Support Files/Pods-mweather/Pods-mweather-frameworks.sh\"\n";
			showEnvVarsInLog = 0;
		};
		4F191E1C04C0ECADB2507B98 /* [CP] Check Pods Manifest.lock */ = {
			isa = PBXShellScriptBuildPhase;
			buildActionMask = 2147483647;
			files = (
			);
			inputFileListPaths = (
			);
			inputPaths = (
				"${PODS_PODFILE_DIR_PATH}/Podfile.lock",
				"${PODS_ROOT}/Manifest.lock",
			);
			name = "[CP] Check Pods Manifest.lock";
			outputFileListPaths = (
			);
			outputPaths = (
				"$(DERIVED_FILE_DIR)/Pods-mweather-checkManifestLockResult.txt",
			);
			runOnlyForDeploymentPostprocessing = 0;
			shellPath = /bin/sh;
			shellScript = "diff \"${PODS_PODFILE_DIR_PATH}/Podfile.lock\" \"${PODS_ROOT}/Manifest.lock\" > /dev/null\nif [ $? != 0 ] ; then\n    # print error to STDERR\n    echo \"error: The sandbox is not in sync with the Podfile.lock. Run 'pod install' or update your CocoaPods installation.\" >&2\n    exit 1\nfi\n# This output is used by Xcode 'outputs' to avoid re-running this script phase.\necho \"SUCCESS\" > \"${SCRIPT_OUTPUT_FILE_0}\"\n";
			showEnvVarsInLog = 0;
		};
/* End PBXShellScriptBuildPhase section */

/* Begin PBXSourcesBuildPhase section */
		9E42378322CE876F009A4002 /* Sources */ = {
			isa = PBXSourcesBuildPhase;
			buildActionMask = 2147483647;
			files = (
				9EE2B16522D23A9A008AE9B0 /* ForecastCellRouter.swift in Sources */,
				9E7589C922D122930007655E /* CitiesAddCell.swift in Sources */,
				9ED7E6B922D0BEED0046DBE6 /* ForecastCellViewModelIcon.swift in Sources */,
				9E4237AD22CE91EC009A4002 /* Dependencies.swift in Sources */,
				9ED7E69822D07F190046DBE6 /* CitiesInteractor.swift in Sources */,
				9ED7E69A22D07F280046DBE6 /* ForecastInteractor.swift in Sources */,
				9ED7E6AD22D091C00046DBE6 /* ForecastCellDependenceis.swift in Sources */,
				9E42378D22CE876F009A4002 /* ForecastViewController.swift in Sources */,
				9ED7E6AB22D08FEB0046DBE6 /* ForecastCellView.swift in Sources */,
				9ED7E69622D07F0A0046DBE6 /* SearchInteractor.swift in Sources */,
				9ED7E6B722D0B1220046DBE6 /* Array+Utils.swift in Sources */,
				9EE2B16122D21230008AE9B0 /* OpenWeatherMapForecast.swift in Sources */,
				9E4237AB22CE9140009A4002 /* Router.swift in Sources */,
				9E7589C722D122870007655E /* CitiesAddCellView.swift in Sources */,
				9E7589C222D11F650007655E /* CitiesCellView.swift in Sources */,
				9E4237B122CE922E009A4002 /* ForecastView.swift in Sources */,
				9E42378B22CE876F009A4002 /* AppDelegate.swift in Sources */,
				9ED7E68322D07E6E0046DBE6 /* CitiesView.swift in Sources */,
				9ED7E6A622D080B30046DBE6 /* Forecast.swift in Sources */,
				9ED7E68E22D07ED20046DBE6 /* SearchDependencies.swift in Sources */,
				9ED7E6B122D0A0AD0046DBE6 /* UIButton+Utils.swift in Sources */,
				9E7589C522D122780007655E /* CitiesAddCellDependencies.swift in Sources */,
				9ED7E69222D07EEC0046DBE6 /* SearchRouter.swift in Sources */,
				9ED7E6B322D0A28D0046DBE6 /* UIColor+Utils.swift in Sources */,
				9EE2B16722D2421A008AE9B0 /* String+Utils.swift in Sources */,
				9ED7E68522D07E7A0046DBE6 /* CitiesDependencies.swift in Sources */,
				9ED7E68722D07E810046DBE6 /* CitiesRouter.swift in Sources */,
				9ED7E69422D07EF50046DBE6 /* SearchView.swift in Sources */,
				9ED7E6B522D0AC6E0046DBE6 /* ForecastCellPresenter.swift in Sources */,
				9ED7E6BB22D0F5070046DBE6 /* UILabel+Utils.swift in Sources */,
				9E7589CD22D123000007655E /* CitiesAddCellRouter.swift in Sources */,
				9EE2B16322D23A8D008AE9B0 /* ForecastCellInteractor.swift in Sources */,
				9E02FE3922D2F7AF00F81D75 /* UserDefaultsCitiesRepository.swift in Sources */,
				9E7589C022D11F5D0007655E /* CitiesCellDependencies.swift in Sources */,
				9ED7E6A422D080750046DBE6 /* City.swift in Sources */,
				9ED7E68C22D07EC80046DBE6 /* SearchViewController.swift in Sources */,
				9E7589CB22D122ED0007655E /* CitiesAddCellPresenter.swift in Sources */,
				9ED7E67F22D07E480046DBE6 /* CitiesViewController.swift in Sources */,
				9EE2B16B22D25229008AE9B0 /* UITextField+Utils.swift in Sources */,
				9E7589BE22D11F4C0007655E /* CitiesCell.swift in Sources */,
				9ED7E68122D07E520046DBE6 /* CitiesPresenter.swift in Sources */,
				9ED7E68922D07E950046DBE6 /* ForecastRouter.swift in Sources */,
				9ED7E69D22D07FCA0046DBE6 /* CitiesRepository.swift in Sources */,
				9E4237B522CE92AD009A4002 /* ForecastPresenter.swift in Sources */,
				9ED7E69022D07EDF0046DBE6 /* SearchPresenter.swift in Sources */,
				9EE2B16922D24364008AE9B0 /* Date+Utils.swift in Sources */,
				9ED7E6A022D07FEE0046DBE6 /* CitiesApi.swift in Sources */,
				9ED7E6A922D08FDA0046DBE6 /* ForecastCell.swift in Sources */,
				9E4237B322CE925F009A4002 /* ForecastDependencies.swift in Sources */,
			);
			runOnlyForDeploymentPostprocessing = 0;
		};
		9E42379722CE8770009A4002 /* Sources */ = {
			isa = PBXSourcesBuildPhase;
			buildActionMask = 2147483647;
			files = (
				9E4237A022CE8770009A4002 /* mweatherTests.swift in Sources */,
			);
			runOnlyForDeploymentPostprocessing = 0;
		};
/* End PBXSourcesBuildPhase section */

/* Begin PBXTargetDependency section */
		9E42379D22CE8770009A4002 /* PBXTargetDependency */ = {
			isa = PBXTargetDependency;
			target = 9E42378622CE876F009A4002 /* mweather */;
			targetProxy = 9E42379C22CE8770009A4002 /* PBXContainerItemProxy */;
		};
/* End PBXTargetDependency section */

/* Begin PBXVariantGroup section */
		9E42379322CE8770009A4002 /* LaunchScreen.storyboard */ = {
			isa = PBXVariantGroup;
			children = (
				9E42379422CE8770009A4002 /* Base */,
			);
			name = LaunchScreen.storyboard;
			sourceTree = "<group>";
		};
/* End PBXVariantGroup section */

/* Begin XCBuildConfiguration section */
		9E4237A222CE8770009A4002 /* Debug */ = {
			isa = XCBuildConfiguration;
			buildSettings = {
				ALWAYS_SEARCH_USER_PATHS = NO;
				CLANG_ANALYZER_NONNULL = YES;
				CLANG_ANALYZER_NUMBER_OBJECT_CONVERSION = YES_AGGRESSIVE;
				CLANG_CXX_LANGUAGE_STANDARD = "gnu++14";
				CLANG_CXX_LIBRARY = "libc++";
				CLANG_ENABLE_MODULES = YES;
				CLANG_ENABLE_OBJC_ARC = YES;
				CLANG_ENABLE_OBJC_WEAK = YES;
				CLANG_WARN_BLOCK_CAPTURE_AUTORELEASING = YES;
				CLANG_WARN_BOOL_CONVERSION = YES;
				CLANG_WARN_COMMA = YES;
				CLANG_WARN_CONSTANT_CONVERSION = YES;
				CLANG_WARN_DEPRECATED_OBJC_IMPLEMENTATIONS = YES;
				CLANG_WARN_DIRECT_OBJC_ISA_USAGE = YES_ERROR;
				CLANG_WARN_DOCUMENTATION_COMMENTS = YES;
				CLANG_WARN_EMPTY_BODY = YES;
				CLANG_WARN_ENUM_CONVERSION = YES;
				CLANG_WARN_INFINITE_RECURSION = YES;
				CLANG_WARN_INT_CONVERSION = YES;
				CLANG_WARN_NON_LITERAL_NULL_CONVERSION = YES;
				CLANG_WARN_OBJC_IMPLICIT_RETAIN_SELF = YES;
				CLANG_WARN_OBJC_LITERAL_CONVERSION = YES;
				CLANG_WARN_OBJC_ROOT_CLASS = YES_ERROR;
				CLANG_WARN_RANGE_LOOP_ANALYSIS = YES;
				CLANG_WARN_STRICT_PROTOTYPES = YES;
				CLANG_WARN_SUSPICIOUS_MOVE = YES;
				CLANG_WARN_UNGUARDED_AVAILABILITY = YES_AGGRESSIVE;
				CLANG_WARN_UNREACHABLE_CODE = YES;
				CLANG_WARN__DUPLICATE_METHOD_MATCH = YES;
				CODE_SIGN_IDENTITY = "iPhone Developer";
				COPY_PHASE_STRIP = NO;
				DEBUG_INFORMATION_FORMAT = dwarf;
				ENABLE_STRICT_OBJC_MSGSEND = YES;
				ENABLE_TESTABILITY = YES;
				GCC_C_LANGUAGE_STANDARD = gnu11;
				GCC_DYNAMIC_NO_PIC = NO;
				GCC_NO_COMMON_BLOCKS = YES;
				GCC_OPTIMIZATION_LEVEL = 0;
				GCC_PREPROCESSOR_DEFINITIONS = (
					"DEBUG=1",
					"$(inherited)",
				);
				GCC_WARN_64_TO_32_BIT_CONVERSION = YES;
				GCC_WARN_ABOUT_RETURN_TYPE = YES_ERROR;
				GCC_WARN_UNDECLARED_SELECTOR = YES;
				GCC_WARN_UNINITIALIZED_AUTOS = YES_AGGRESSIVE;
				GCC_WARN_UNUSED_FUNCTION = YES;
				GCC_WARN_UNUSED_VARIABLE = YES;
				IPHONEOS_DEPLOYMENT_TARGET = 12.2;
				MTL_ENABLE_DEBUG_INFO = INCLUDE_SOURCE;
				MTL_FAST_MATH = YES;
				ONLY_ACTIVE_ARCH = YES;
				SDKROOT = iphoneos;
				SWIFT_ACTIVE_COMPILATION_CONDITIONS = DEBUG;
				SWIFT_OPTIMIZATION_LEVEL = "-Onone";
			};
			name = Debug;
		};
		9E4237A322CE8770009A4002 /* Release */ = {
			isa = XCBuildConfiguration;
			buildSettings = {
				ALWAYS_SEARCH_USER_PATHS = NO;
				CLANG_ANALYZER_NONNULL = YES;
				CLANG_ANALYZER_NUMBER_OBJECT_CONVERSION = YES_AGGRESSIVE;
				CLANG_CXX_LANGUAGE_STANDARD = "gnu++14";
				CLANG_CXX_LIBRARY = "libc++";
				CLANG_ENABLE_MODULES = YES;
				CLANG_ENABLE_OBJC_ARC = YES;
				CLANG_ENABLE_OBJC_WEAK = YES;
				CLANG_WARN_BLOCK_CAPTURE_AUTORELEASING = YES;
				CLANG_WARN_BOOL_CONVERSION = YES;
				CLANG_WARN_COMMA = YES;
				CLANG_WARN_CONSTANT_CONVERSION = YES;
				CLANG_WARN_DEPRECATED_OBJC_IMPLEMENTATIONS = YES;
				CLANG_WARN_DIRECT_OBJC_ISA_USAGE = YES_ERROR;
				CLANG_WARN_DOCUMENTATION_COMMENTS = YES;
				CLANG_WARN_EMPTY_BODY = YES;
				CLANG_WARN_ENUM_CONVERSION = YES;
				CLANG_WARN_INFINITE_RECURSION = YES;
				CLANG_WARN_INT_CONVERSION = YES;
				CLANG_WARN_NON_LITERAL_NULL_CONVERSION = YES;
				CLANG_WARN_OBJC_IMPLICIT_RETAIN_SELF = YES;
				CLANG_WARN_OBJC_LITERAL_CONVERSION = YES;
				CLANG_WARN_OBJC_ROOT_CLASS = YES_ERROR;
				CLANG_WARN_RANGE_LOOP_ANALYSIS = YES;
				CLANG_WARN_STRICT_PROTOTYPES = YES;
				CLANG_WARN_SUSPICIOUS_MOVE = YES;
				CLANG_WARN_UNGUARDED_AVAILABILITY = YES_AGGRESSIVE;
				CLANG_WARN_UNREACHABLE_CODE = YES;
				CLANG_WARN__DUPLICATE_METHOD_MATCH = YES;
				CODE_SIGN_IDENTITY = "iPhone Developer";
				COPY_PHASE_STRIP = NO;
				DEBUG_INFORMATION_FORMAT = "dwarf-with-dsym";
				ENABLE_NS_ASSERTIONS = NO;
				ENABLE_STRICT_OBJC_MSGSEND = YES;
				GCC_C_LANGUAGE_STANDARD = gnu11;
				GCC_NO_COMMON_BLOCKS = YES;
				GCC_WARN_64_TO_32_BIT_CONVERSION = YES;
				GCC_WARN_ABOUT_RETURN_TYPE = YES_ERROR;
				GCC_WARN_UNDECLARED_SELECTOR = YES;
				GCC_WARN_UNINITIALIZED_AUTOS = YES_AGGRESSIVE;
				GCC_WARN_UNUSED_FUNCTION = YES;
				GCC_WARN_UNUSED_VARIABLE = YES;
				IPHONEOS_DEPLOYMENT_TARGET = 12.2;
				MTL_ENABLE_DEBUG_INFO = NO;
				MTL_FAST_MATH = YES;
				SDKROOT = iphoneos;
				SWIFT_COMPILATION_MODE = wholemodule;
				SWIFT_OPTIMIZATION_LEVEL = "-O";
				VALIDATE_PRODUCT = YES;
			};
			name = Release;
		};
		9E4237A522CE8770009A4002 /* Debug */ = {
			isa = XCBuildConfiguration;
			baseConfigurationReference = D3DD59B13769BCD9DC51E9D8 /* Pods-mweather.debug.xcconfig */;
			buildSettings = {
				ASSETCATALOG_COMPILER_APPICON_NAME = AppIcon;
				CODE_SIGN_STYLE = Automatic;
				DEVELOPMENT_TEAM = 7446HG6F59;
				INFOPLIST_FILE = mweather/Info.plist;
				IPHONEOS_DEPLOYMENT_TARGET = 11.0;
				LD_RUNPATH_SEARCH_PATHS = (
					"$(inherited)",
					"@executable_path/Frameworks",
				);
				PRODUCT_BUNDLE_IDENTIFIER = com.ivolnov.mweather;
				PRODUCT_NAME = "$(TARGET_NAME)";
				SWIFT_VERSION = 5.0;
				TARGETED_DEVICE_FAMILY = "1,2";
			};
			name = Debug;
		};
		9E4237A622CE8770009A4002 /* Release */ = {
			isa = XCBuildConfiguration;
			baseConfigurationReference = A2BEC5A6AA2F776A25A5941E /* Pods-mweather.release.xcconfig */;
			buildSettings = {
				ASSETCATALOG_COMPILER_APPICON_NAME = AppIcon;
				CODE_SIGN_STYLE = Automatic;
				DEVELOPMENT_TEAM = 7446HG6F59;
				INFOPLIST_FILE = mweather/Info.plist;
				IPHONEOS_DEPLOYMENT_TARGET = 11.0;
				LD_RUNPATH_SEARCH_PATHS = (
					"$(inherited)",
					"@executable_path/Frameworks",
				);
				PRODUCT_BUNDLE_IDENTIFIER = com.ivolnov.mweather;
				PRODUCT_NAME = "$(TARGET_NAME)";
				SWIFT_VERSION = 5.0;
				TARGETED_DEVICE_FAMILY = "1,2";
			};
			name = Release;
		};
		9E4237A822CE8770009A4002 /* Debug */ = {
			isa = XCBuildConfiguration;
			buildSettings = {
				ALWAYS_EMBED_SWIFT_STANDARD_LIBRARIES = YES;
				BUNDLE_LOADER = "$(TEST_HOST)";
				CODE_SIGN_STYLE = Automatic;
				DEVELOPMENT_TEAM = 7446HG6F59;
				INFOPLIST_FILE = mweatherTests/Info.plist;
				LD_RUNPATH_SEARCH_PATHS = (
					"$(inherited)",
					"@executable_path/Frameworks",
					"@loader_path/Frameworks",
				);
				PRODUCT_BUNDLE_IDENTIFIER = com.ivolnov.mweatherTests;
				PRODUCT_NAME = "$(TARGET_NAME)";
				SWIFT_VERSION = 5.0;
				TARGETED_DEVICE_FAMILY = "1,2";
				TEST_HOST = "$(BUILT_PRODUCTS_DIR)/mweather.app/mweather";
			};
			name = Debug;
		};
		9E4237A922CE8770009A4002 /* Release */ = {
			isa = XCBuildConfiguration;
			buildSettings = {
				ALWAYS_EMBED_SWIFT_STANDARD_LIBRARIES = YES;
				BUNDLE_LOADER = "$(TEST_HOST)";
				CODE_SIGN_STYLE = Automatic;
				DEVELOPMENT_TEAM = 7446HG6F59;
				INFOPLIST_FILE = mweatherTests/Info.plist;
				LD_RUNPATH_SEARCH_PATHS = (
					"$(inherited)",
					"@executable_path/Frameworks",
					"@loader_path/Frameworks",
				);
				PRODUCT_BUNDLE_IDENTIFIER = com.ivolnov.mweatherTests;
				PRODUCT_NAME = "$(TARGET_NAME)";
				SWIFT_VERSION = 5.0;
				TARGETED_DEVICE_FAMILY = "1,2";
				TEST_HOST = "$(BUILT_PRODUCTS_DIR)/mweather.app/mweather";
			};
			name = Release;
		};
/* End XCBuildConfiguration section */

/* Begin XCConfigurationList section */
		9E42378222CE876F009A4002 /* Build configuration list for PBXProject "mweather" */ = {
			isa = XCConfigurationList;
			buildConfigurations = (
				9E4237A222CE8770009A4002 /* Debug */,
				9E4237A322CE8770009A4002 /* Release */,
			);
			defaultConfigurationIsVisible = 0;
			defaultConfigurationName = Release;
		};
		9E4237A422CE8770009A4002 /* Build configuration list for PBXNativeTarget "mweather" */ = {
			isa = XCConfigurationList;
			buildConfigurations = (
				9E4237A522CE8770009A4002 /* Debug */,
				9E4237A622CE8770009A4002 /* Release */,
			);
			defaultConfigurationIsVisible = 0;
			defaultConfigurationName = Release;
		};
		9E4237A722CE8770009A4002 /* Build configuration list for PBXNativeTarget "mweatherTests" */ = {
			isa = XCConfigurationList;
			buildConfigurations = (
				9E4237A822CE8770009A4002 /* Debug */,
				9E4237A922CE8770009A4002 /* Release */,
			);
			defaultConfigurationIsVisible = 0;
			defaultConfigurationName = Release;
		};
/* End XCConfigurationList section */
	};
	rootObject = 9E42377F22CE876F009A4002 /* Project object */;
}
